<?xml version="1.0" encoding="utf-8"?>
<Project ToolsVersion="17.0" xmlns="http://schemas.microsoft.com/developer/msbuild/2003">
  <ItemGroup>
    <CustomBuild Include="C:\Users\pawel\OneDrive\Pulpit\Projekt JPO\KonwerterMFC\build_win\CMakeFiles\d4ea0bf8d7de4be2a52d1f3d811d9cea\generate.stamp.rule">
      <Filter>CMake Rules</Filter>
    </CustomBuild>
  </ItemGroup>
  <ItemGroup>
    <Filter Include="CMake Rules">
      <UniqueIdentifier>{8EF0911D-E9B7-38A1-8AB4-D76BFBC453A6}</UniqueIdentifier>
    </Filter>
  </ItemGroup>
</Project>
